
Microsoft Visual Studio Solution File, Format Version 12.00
# Visual Studio 2012
Project("{FAE04EC0-301F-11D3-BF4B-00C04F79EFBC}") = "Sunflower.AdminWeb", "AdminWeb\Sunflower.AdminWeb.csproj", "{60E15C92-F3CF-424C-8C65-EEBCDBDA19A7}"
EndProject
Global
	GlobalSection(SolutionConfigurationPlatforms) = preSolution
		Debug|Any CPU = Debug|Any CPU
		Release|Any CPU = Release|Any CPU
	EndGlobalSection
	GlobalSection(ProjectConfigurationPlatforms) = postSolution
		{60E15C92-F3CF-424C-8C65-EEBCDBDA19A7}.Debug|Any CPU.ActiveCfg = Debug|Any CPU
		{60E15C92-F3CF-424C-8C65-EEBCDBDA19A7}.Debug|Any CPU.Build.0 = Debug|Any CPU
		{60E15C92-F3CF-424C-8C65-EEBCDBDA19A7}.Release|Any CPU.ActiveCfg = Release|Any CPU
		{60E15C92-F3CF-424C-8C65-EEBCDBDA19A7}.Release|Any CPU.Build.0 = Release|Any CPU
	EndGlobalSection
EndGlobal
